
Microsoft Visual Studio Solution File, Format Version 12.00
# Visual Studio Version 16
VisualStudioVersion = 16.0.31112.23
MinimumVisualStudioVersion = 10.0.40219.1
Project("{FAE04EC0-301F-11D3-BF4B-00C04F79EFBC}") = "Quiz_Game_in_Windows_Form", "Quiz_Game_in_Windows_Form.csproj", "{E7A876B4-8F99-470B-A13F-3F9F50AE0122}"
EndProject
Global
	GlobalSection(SolutionConfigurationPlatforms) = preSolution
		Debug|Any CPU = Debug|Any CPU
		Release|Any CPU = Release|Any CPU
	EndGlobalSection
	GlobalSection(ProjectConfigurationPlatforms) = postSolution
		{E7A876B4-8F99-470B-A13F-3F9F50AE0122}.Debug|Any CPU.ActiveCfg = Debug|Any CPU
		{E7A876B4-8F99-470B-A13F-3F9F50AE0122}.Debug|Any CPU.Build.0 = Debug|Any CPU
		{E7A876B4-8F99-470B-A13F-3F9F50AE0122}.Release|Any CPU.ActiveCfg = Release|Any CPU
		{E7A876B4-8F99-470B-A13F-3F9F50AE0122}.Release|Any CPU.Build.0 = Release|Any CPU
	EndGlobalSection
	GlobalSection(SolutionProperties) = preSolution
		HideSolutionNode = FALSE
	EndGlobalSection
	GlobalSection(ExtensibilityGlobals) = postSolution
		SolutionGuid = {FF7DA7E2-024D-488D-A4A4-30D92BDAB532}
	EndGlobalSection
EndGlobal
